<?xml version="1.0" encoding="utf-8"?>
<Project ToolsVersion="4.0" xmlns="http://schemas.microsoft.com/developer/msbuild/2003">
  <ItemGroup>
    <Filter Include="ソース ファイル">
      <UniqueIdentifier>{4FC737F1-C7A5-4376-A066-2A32D752A2FF}</UniqueIdentifier>
      <Extensions>cpp;c;cc;cxx;c++;cppm;ixx;def;odl;idl;hpj;bat;asm;asmx</Extensions>
    </Filter>
    <Filter Include="ヘッダー ファイル">
      <UniqueIdentifier>{93995380-89BD-4b04-88EB-625FBE52EBFB}</UniqueIdentifier>
      <Extensions>h;hh;hpp;hxx;h++;hm;inl;inc;ipp;xsd</Extensions>
    </Filter>
    <Filter Include="リソース ファイル">
      <UniqueIdentifier>{67DA6AB6-F800-4c08-8B7A-83BB121AAD01}</UniqueIdentifier>
      <Extensions>rc;ico;cur;bmp;dlg;rc2;rct;bin;rgs;gif;jpg;jpeg;jpe;resx;tiff;tif;png;wav;mfcribbon-ms</Extensions>
    </Filter>
    <Filter Include="ソース ファイル\Engine">
      <UniqueIdentifier>{b6032b46-2cb7-43a0-879c-4cb475c47b0d}</UniqueIdentifier>
    </Filter>
    <Filter Include="ヘッダー ファイル\Engine">
      <UniqueIdentifier>{cb2b92ff-4eaa-4082-837e-76482478d4dd}</UniqueIdentifier>
    </Filter>
    <Filter Include="ソース ファイル\Engine\Base">
      <UniqueIdentifier>{91a2dc8e-da4e-4f8a-8360-ee32b8222e4a}</UniqueIdentifier>
    </Filter>
    <Filter Include="ヘッダー ファイル\Engine\Base">
      <UniqueIdentifier>{5cc7925c-559e-463c-8a2c-7be2ceaf9a97}</UniqueIdentifier>
    </Filter>
    <Filter Include="ヘッダー ファイル\Engine\Utility">
      <UniqueIdentifier>{a493a1ca-19e8-40c8-a568-fc12532bec35}</UniqueIdentifier>
    </Filter>
    <Filter Include="ソース ファイル\Engine\Utility">
      <UniqueIdentifier>{87c3e365-b126-419e-a664-f920528e1ec9}</UniqueIdentifier>
    </Filter>
    <Filter Include="Shader">
      <UniqueIdentifier>{709ce491-3777-4988-aaa2-521b6990fe6c}</UniqueIdentifier>
    </Filter>
    <Filter Include="ヘッダー ファイル\Engine\3D">
      <UniqueIdentifier>{bf856c75-aa16-4692-ba7e-a111ae4a5e75}</UniqueIdentifier>
    </Filter>
    <Filter Include="ソース ファイル\Engine\3D">
      <UniqueIdentifier>{2b32134f-3317-463c-8a36-acc39c4617ac}</UniqueIdentifier>
    </Filter>
    <Filter Include="ヘッダー ファイル\Engine\3D\Matrix">
      <UniqueIdentifier>{b3128bac-87bc-4f15-aa7a-421391b674ea}</UniqueIdentifier>
    </Filter>
    <Filter Include="ソース ファイル\Engine\3D\Matrix">
      <UniqueIdentifier>{17bd37a4-55b3-4925-94ea-cb28d71a9875}</UniqueIdentifier>
    </Filter>
    <Filter Include="ImGui">
      <UniqueIdentifier>{6578f6ea-cfb9-4774-81db-aadebfb5987b}</UniqueIdentifier>
    </Filter>
    <Filter Include="ヘッダー ファイル\Engine\2D">
      <UniqueIdentifier>{7e8679ee-3641-4d97-be23-e87785972fde}</UniqueIdentifier>
    </Filter>
    <Filter Include="ソース ファイル\Engine\2D">
      <UniqueIdentifier>{4af49998-4bdb-4b67-9531-aad678b616fe}</UniqueIdentifier>
    </Filter>
    <Filter Include="ソース ファイル\Engine\3D\Model">
      <UniqueIdentifier>{f6d7014c-5674-4876-b545-13db142b3b3b}</UniqueIdentifier>
    </Filter>
    <Filter Include="ヘッダー ファイル\Engine\3D\Model">
      <UniqueIdentifier>{ec6b040b-ce99-45d8-a7e0-20b247cb4001}</UniqueIdentifier>
    </Filter>
    <Filter Include="ソース ファイル\Engine\Components">
      <UniqueIdentifier>{b5928801-c5b6-4da8-9c81-5b680cfb9a76}</UniqueIdentifier>
    </Filter>
    <Filter Include="ヘッダー ファイル\Engine\Components">
      <UniqueIdentifier>{274a5b57-5cfd-48a2-8854-4baf60ef92cf}</UniqueIdentifier>
    </Filter>
    <Filter Include="ソース ファイル\Engine\Utility\CollisionManager">
      <UniqueIdentifier>{b5119d66-1dc3-4b3b-b852-bf10c9ebd97c}</UniqueIdentifier>
    </Filter>
    <Filter Include="ヘッダー ファイル\Engine\Utility\CollisionManager">
      <UniqueIdentifier>{6efab8d0-8919-440f-ac45-bcbcc66cdeb4}</UniqueIdentifier>
    </Filter>
    <Filter Include="ソース ファイル\Project">
      <UniqueIdentifier>{29bc74b3-ac7c-4df0-9060-32c19fce9900}</UniqueIdentifier>
    </Filter>
    <Filter Include="ヘッダー ファイル\Project">
      <UniqueIdentifier>{1bb29cea-a8bf-41b3-8062-a34d4fa9a295}</UniqueIdentifier>
    </Filter>
    <Filter Include="ヘッダー ファイル\Project\Game">
      <UniqueIdentifier>{557874b3-557d-4c38-ab3c-dd4523f97610}</UniqueIdentifier>
    </Filter>
    <Filter Include="ソース ファイル\Project\Game">
      <UniqueIdentifier>{df44f77d-af5b-4575-983d-f18398fb8d92}</UniqueIdentifier>
    </Filter>
    <Filter Include="ヘッダー ファイル\Project\GameObject">
      <UniqueIdentifier>{d46a3d4b-9f62-48c5-826b-5bb98ccec81a}</UniqueIdentifier>
    </Filter>
    <Filter Include="ソース ファイル\Project\GameObject">
      <UniqueIdentifier>{b63892bf-a8e3-49fa-94cc-2e7e4a27d9c1}</UniqueIdentifier>
    </Filter>
    <Filter Include="ヘッダー ファイル\Project\GameObject\Player">
      <UniqueIdentifier>{0059095f-5a58-441c-9631-e3c3f30228aa}</UniqueIdentifier>
    </Filter>
    <Filter Include="ソース ファイル\Project\GameObject\Player">
      <UniqueIdentifier>{ceb9aa83-a170-492b-a38a-df5b563b65cd}</UniqueIdentifier>
    </Filter>
    <Filter Include="ヘッダー ファイル\Engine\3D\Particle">
      <UniqueIdentifier>{71b65ba6-f153-4508-8627-cae41e83b521}</UniqueIdentifier>
    </Filter>
    <Filter Include="ソース ファイル\Engine\3D\Particle">
      <UniqueIdentifier>{000d993a-d8e3-43d1-b3a5-8aa6c97e467d}</UniqueIdentifier>
    </Filter>
    <Filter Include="ヘッダー ファイル\Engine\3D\Camera">
      <UniqueIdentifier>{3ef29a89-0edb-4db7-89a0-9a0d973bb5a6}</UniqueIdentifier>
    </Filter>
    <Filter Include="ソース ファイル\Engine\3D\Camera">
      <UniqueIdentifier>{460158d2-3e9c-4573-a8fd-d0c4f9137aa3}</UniqueIdentifier>
    </Filter>
    <Filter Include="ヘッダー ファイル\Engine\Base\plain">
      <UniqueIdentifier>{16732be2-9861-4847-9376-fd0998b24b0b}</UniqueIdentifier>
    </Filter>
  </ItemGroup>
  <ItemGroup>
    <ClCompile Include="main.cpp">
      <Filter>ソース ファイル</Filter>
    </ClCompile>
    <ClCompile Include="Engine\Base\WinApp.cpp">
      <Filter>ソース ファイル\Engine\Base</Filter>
    </ClCompile>
    <ClCompile Include="Engine\Base\DirectXCommon.cpp">
      <Filter>ソース ファイル\Engine\Base</Filter>
    </ClCompile>
    <ClCompile Include="Engine\Utility\Log.cpp">
      <Filter>ソース ファイル\Engine\Utility</Filter>
    </ClCompile>
    <ClCompile Include="Engine\Utility\MathFunction.cpp">
      <Filter>ソース ファイル\Engine\Utility</Filter>
    </ClCompile>
    <ClCompile Include="Engine\3D\Matrix\WorldTransform.cpp">
      <Filter>ソース ファイル\Engine\3D\Matrix</Filter>
    </ClCompile>
    <ClCompile Include="Engine\3D\Matrix\ViewProjection.cpp">
      <Filter>ソース ファイル\Engine\3D\Matrix</Filter>
    </ClCompile>
    <ClCompile Include="Engine\Externals\imgui\imgui.cpp">
      <Filter>ImGui</Filter>
    </ClCompile>
    <ClCompile Include="Engine\Externals\imgui\imgui_demo.cpp">
      <Filter>ImGui</Filter>
    </ClCompile>
    <ClCompile Include="Engine\Externals\imgui\imgui_draw.cpp">
      <Filter>ImGui</Filter>
    </ClCompile>
    <ClCompile Include="Engine\Externals\imgui\imgui_impl_dx12.cpp">
      <Filter>ImGui</Filter>
    </ClCompile>
    <ClCompile Include="Engine\Externals\imgui\imgui_impl_win32.cpp">
      <Filter>ImGui</Filter>
    </ClCompile>
    <ClCompile Include="Engine\Externals\imgui\imgui_tables.cpp">
      <Filter>ImGui</Filter>
    </ClCompile>
    <ClCompile Include="Engine\Externals\imgui\imgui_widgets.cpp">
      <Filter>ImGui</Filter>
    </ClCompile>
    <ClCompile Include="Engine\2D\ImGuiManager.cpp">
      <Filter>ソース ファイル\Engine\2D</Filter>
    </ClCompile>
    <ClCompile Include="Engine\Base\TextureManager.cpp">
      <Filter>ソース ファイル\Engine\Base</Filter>
    </ClCompile>
    <ClCompile Include="Engine\2D\Sprite.cpp">
      <Filter>ソース ファイル\Engine\2D</Filter>
    </ClCompile>
    <ClCompile Include="Engine\3D\Model\Model.cpp">
      <Filter>ソース ファイル\Engine\3D\Model</Filter>
    </ClCompile>
    <ClCompile Include="Engine\3D\Model\Mesh.cpp">
      <Filter>ソース ファイル\Engine\3D\Model</Filter>
    </ClCompile>
    <ClCompile Include="Engine\3D\Model\Material.cpp">
      <Filter>ソース ファイル\Engine\3D\Model</Filter>
    </ClCompile>
    <ClCompile Include="Engine\3D\Model\DirectionalLight.cpp">
      <Filter>ソース ファイル\Engine\3D\Model</Filter>
    </ClCompile>
    <ClCompile Include="Engine\Utility\CollisionManager\CollisionManager.cpp">
      <Filter>ソース ファイル\Engine\Utility\CollisionManager</Filter>
    </ClCompile>
    <ClCompile Include="Engine\Utility\GlobalVariables.cpp">
      <Filter>ソース ファイル\Engine\Utility</Filter>
    </ClCompile>
    <ClCompile Include="Project\Game\GameManager.cpp">
      <Filter>ソース ファイル\Project\Game</Filter>
    </ClCompile>
    <ClCompile Include="Project\Game\GameScene.cpp">
      <Filter>ソース ファイル\Project\Game</Filter>
    </ClCompile>
    <ClCompile Include="Engine\Components\Audio.cpp">
      <Filter>ソース ファイル\Engine\Components</Filter>
    </ClCompile>
    <ClCompile Include="Engine\Components\Input.cpp">
      <Filter>ソース ファイル\Engine\Components</Filter>
    </ClCompile>
    <ClCompile Include="Engine\Components\PostProcess.cpp">
      <Filter>ソース ファイル\Engine\Components</Filter>
    </ClCompile>
    <ClCompile Include="Project\GameObject\Player\Player.cpp">
      <Filter>ソース ファイル\Project\GameObject\Player</Filter>
    </ClCompile>
    <ClCompile Include="Engine\3D\Particle\ParticleEmitter.cpp">
      <Filter>ソース ファイル\Engine\3D\Particle</Filter>
    </ClCompile>
    <ClCompile Include="Engine\3D\Particle\Particle.cpp">
      <Filter>ソース ファイル\Engine\3D\Particle</Filter>
    </ClCompile>
    <ClCompile Include="Engine\3D\Particle\EmitterBuilder.cpp">
      <Filter>ソース ファイル\Engine\3D\Particle</Filter>
    </ClCompile>
    <ClCompile Include="Engine\3D\Model\ParticleModel.cpp">
      <Filter>ソース ファイル\Engine\3D\Model</Filter>
    </ClCompile>
    <ClCompile Include="Engine\3D\Particle\BaseParticle.cpp">
      <Filter>ソース ファイル\Engine\3D\Particle</Filter>
    </ClCompile>
    <ClCompile Include="Engine\3D\Particle\ParticleSystem.cpp">
      <Filter>ソース ファイル\Engine\3D\Particle</Filter>
    </ClCompile>
    <ClCompile Include="Engine\Utility\Random.cpp">
      <Filter>ソース ファイル\Engine\Utility</Filter>
    </ClCompile>
    <ClCompile Include="Engine\3D\Particle\ChageParticle.cpp">
      <Filter>ソース ファイル\Engine\3D\Particle</Filter>
    </ClCompile>
    <ClCompile Include="Engine\3D\Model\ModelManager.cpp">
      <Filter>ソース ファイル\Engine\3D\Model</Filter>
    </ClCompile>
    <ClCompile Include="Engine\3D\Camera\Camera.cpp">
      <Filter>ソース ファイル\Engine\3D\Camera</Filter>
    </ClCompile>
    <ClCompile Include="Engine\3D\Camera\DebugCamera.cpp">
      <Filter>ソース ファイル\Engine\3D\Camera</Filter>
    </ClCompile>
  </ItemGroup>
  <ItemGroup>
    <ClInclude Include="Engine\Base\WinApp.h">
      <Filter>ヘッダー ファイル\Engine\Base</Filter>
    </ClInclude>
    <ClInclude Include="Engine\Base\DirectXCommon.h">
      <Filter>ヘッダー ファイル\Engine\Base</Filter>
    </ClInclude>
    <ClInclude Include="Engine\Base\D3DResourceLeakChecker.h">
      <Filter>ヘッダー ファイル\Engine\Base</Filter>
    </ClInclude>
    <ClInclude Include="Engine\Utility\Log.h">
      <Filter>ヘッダー ファイル\Engine\Utility</Filter>
    </ClInclude>
    <ClInclude Include="Engine\Utility\MathFunction.h">
      <Filter>ヘッダー ファイル\Engine\Utility</Filter>
    </ClInclude>
    <ClInclude Include="Engine\3D\Matrix\WorldTransform.h">
      <Filter>ヘッダー ファイル\Engine\3D\Matrix</Filter>
    </ClInclude>
    <ClInclude Include="Engine\3D\Matrix\ViewProjection.h">
      <Filter>ヘッダー ファイル\Engine\3D\Matrix</Filter>
    </ClInclude>
    <ClInclude Include="Engine\Externals\imgui\imconfig.h">
      <Filter>ImGui</Filter>
    </ClInclude>
    <ClInclude Include="Engine\Externals\imgui\imgui.h">
      <Filter>ImGui</Filter>
    </ClInclude>
    <ClInclude Include="Engine\Externals\imgui\imgui_impl_dx12.h">
      <Filter>ImGui</Filter>
    </ClInclude>
    <ClInclude Include="Engine\Externals\imgui\imgui_impl_win32.h">
      <Filter>ImGui</Filter>
    </ClInclude>
    <ClInclude Include="Engine\Externals\imgui\imgui_internal.h">
      <Filter>ImGui</Filter>
    </ClInclude>
    <ClInclude Include="Engine\Externals\imgui\imstb_rectpack.h">
      <Filter>ImGui</Filter>
    </ClInclude>
    <ClInclude Include="Engine\Externals\imgui\imstb_textedit.h">
      <Filter>ImGui</Filter>
    </ClInclude>
    <ClInclude Include="Engine\Externals\imgui\imstb_truetype.h">
      <Filter>ImGui</Filter>
    </ClInclude>
    <ClInclude Include="Engine\2D\ImGuiManager.h">
      <Filter>ヘッダー ファイル\Engine\2D</Filter>
    </ClInclude>
    <ClInclude Include="Engine\Base\TextureManager.h">
      <Filter>ヘッダー ファイル\Engine\Base</Filter>
    </ClInclude>
    <ClInclude Include="Engine\2D\Sprite.h">
      <Filter>ヘッダー ファイル\Engine\2D</Filter>
    </ClInclude>
    <ClInclude Include="Engine\3D\Model\Model.h">
      <Filter>ヘッダー ファイル\Engine\3D\Model</Filter>
    </ClInclude>
    <ClInclude Include="Engine\3D\Model\Mesh.h">
      <Filter>ヘッダー ファイル\Engine\3D\Model</Filter>
    </ClInclude>
    <ClInclude Include="Engine\3D\Model\Material.h">
      <Filter>ヘッダー ファイル\Engine\3D\Model</Filter>
    </ClInclude>
    <ClInclude Include="Engine\3D\Model\DirectionalLight.h">
      <Filter>ヘッダー ファイル\Engine\3D\Model</Filter>
    </ClInclude>
    <ClInclude Include="Engine\Utility\CollisionManager\Collider.h">
      <Filter>ヘッダー ファイル\Engine\Utility\CollisionManager</Filter>
    </ClInclude>
    <ClInclude Include="Engine\Utility\CollisionManager\CollisionConfig.h">
      <Filter>ヘッダー ファイル\Engine\Utility\CollisionManager</Filter>
    </ClInclude>
    <ClInclude Include="Engine\Utility\CollisionManager\CollisionManager.h">
      <Filter>ヘッダー ファイル\Engine\Utility\CollisionManager</Filter>
    </ClInclude>
    <ClInclude Include="Engine\Utility\GlobalVariables.h">
      <Filter>ヘッダー ファイル\Engine\Utility</Filter>
    </ClInclude>
    <ClInclude Include="Project\Game\IScene.h">
      <Filter>ヘッダー ファイル\Project\Game</Filter>
    </ClInclude>
    <ClInclude Include="Project\Game\GameScene.h">
      <Filter>ヘッダー ファイル\Project\Game</Filter>
    </ClInclude>
    <ClInclude Include="Project\Game\GameManager.h">
      <Filter>ヘッダー ファイル\Project\Game</Filter>
    </ClInclude>
    <ClInclude Include="Engine\Components\Input.h">
      <Filter>ヘッダー ファイル\Engine\Components</Filter>
    </ClInclude>
    <ClInclude Include="Engine\Components\Audio.h">
      <Filter>ヘッダー ファイル\Engine\Components</Filter>
    </ClInclude>
    <ClInclude Include="Engine\Components\PostProcess.h">
      <Filter>ヘッダー ファイル\Engine\Components</Filter>
    </ClInclude>
    <ClInclude Include="Project\GameObject\Player\Player.h">
      <Filter>ヘッダー ファイル\Project\GameObject\Player</Filter>
    </ClInclude>
    <ClInclude Include="Engine\3D\Particle\ParticleEmitter.h">
      <Filter>ヘッダー ファイル\Engine\3D\Particle</Filter>
    </ClInclude>
    <ClInclude Include="Engine\3D\Particle\Particle.h">
      <Filter>ヘッダー ファイル\Engine\3D\Particle</Filter>
    </ClInclude>
    <ClInclude Include="Engine\3D\Particle\EmitterBuilder.h">
      <Filter>ヘッダー ファイル\Engine\3D\Particle</Filter>
    </ClInclude>
    <ClInclude Include="Engine\3D\Model\ParticleModel.h">
      <Filter>ヘッダー ファイル\Engine\3D\Model</Filter>
    </ClInclude>
    <ClInclude Include="Engine\3D\Particle\BaseParticle.h">
      <Filter>ヘッダー ファイル\Engine\3D\Particle</Filter>
    </ClInclude>
    <ClInclude Include="Engine\3D\Particle\ParticleSystem.h">
      <Filter>ヘッダー ファイル\Engine\3D\Particle</Filter>
    </ClInclude>
    <ClInclude Include="Engine\Utility\Random.h">
      <Filter>ヘッダー ファイル\Engine\Utility</Filter>
    </ClInclude>
    <ClInclude Include="Engine\3D\Particle\ChageParticle.h">
      <Filter>ヘッダー ファイル\Engine\3D\Particle</Filter>
    </ClInclude>
    <ClInclude Include="Engine\Utility\pch.h">
      <Filter>ヘッダー ファイル\Engine\Utility</Filter>
    </ClInclude>
    <ClInclude Include="Engine\3D\Model\ModelManager.h">
      <Filter>ヘッダー ファイル\Engine\3D\Model</Filter>
    </ClInclude>
    <ClInclude Include="Engine\3D\Camera\DebugCamera.h">
      <Filter>ヘッダー ファイル\Engine\3D\Camera</Filter>
    </ClInclude>
    <ClInclude Include="Engine\3D\Camera\Camera.h">
      <Filter>ヘッダー ファイル\Engine\3D\Camera</Filter>
    </ClInclude>
    <ClInclude Include="Engine\Base\plain\UploadBuffer.h">
      <Filter>ヘッダー ファイル\Engine\Base\plain</Filter>
    </ClInclude>
  </ItemGroup>
  <ItemGroup>
    <FxCompile Include="Resources\Shader\Object3d.VS.hlsl">
      <Filter>Shader</Filter>
    </FxCompile>
    <FxCompile Include="Resources\Shader\Object3d.PS.hlsl">
      <Filter>Shader</Filter>
    </FxCompile>
    <FxCompile Include="Resources\Shader\SpriteVS.hlsl">
      <Filter>Shader</Filter>
    </FxCompile>
    <FxCompile Include="Resources\Shader\SpritePS.hlsl">
      <Filter>Shader</Filter>
    </FxCompile>
    <FxCompile Include="Resources\Shader\MultiPassVS.hlsl">
      <Filter>Shader</Filter>
    </FxCompile>
    <FxCompile Include="Resources\Shader\MultiPassPS.hlsl">
      <Filter>Shader</Filter>
    </FxCompile>
    <FxCompile Include="Resources\Shader\HorizontalBlurVS.hlsl">
      <Filter>Shader</Filter>
    </FxCompile>
    <FxCompile Include="Resources\Shader\HorizontalBlurPS.hlsl">
      <Filter>Shader</Filter>
    </FxCompile>
    <FxCompile Include="Resources\Shader\VerticalBlurVS.hlsl">
      <Filter>Shader</Filter>
    </FxCompile>
    <FxCompile Include="Resources\Shader\VerticalBlurPS.hlsl">
      <Filter>Shader</Filter>
    </FxCompile>
    <FxCompile Include="Resources\Shader\PostProcessVS.hlsl">
      <Filter>Shader</Filter>
    </FxCompile>
    <FxCompile Include="Resources\Shader\PostProcessPS.hlsl">
      <Filter>Shader</Filter>
    </FxCompile>
    <FxCompile Include="Resources\Shader\Particle.VS.hlsl">
      <Filter>Shader</Filter>
    </FxCompile>
    <FxCompile Include="Resources\Shader\Particle.PS.hlsl">
      <Filter>Shader</Filter>
    </FxCompile>
  </ItemGroup>
  <ItemGroup>
    <Text Include="Engine\Externals\imgui\LICENSE.txt">
      <Filter>ImGui</Filter>
    </Text>
  </ItemGroup>
  <ItemGroup>
    <None Include="Resources\Shader\Object3d.hlsli">
      <Filter>Shader</Filter>
    </None>
    <None Include="Resources\Shader\Sprite.hlsli">
      <Filter>Shader</Filter>
    </None>
    <None Include="Resources\Shader\MultiPass.hlsli">
      <Filter>Shader</Filter>
    </None>
    <None Include="Resources\Shader\HorizontalBlur.hlsli">
      <Filter>Shader</Filter>
    </None>
    <None Include="Resources\Shader\VerticalBlur.hlsli">
      <Filter>Shader</Filter>
    </None>
    <None Include="Resources\Shader\PostProcess.hlsli">
      <Filter>Shader</Filter>
    </None>
    <None Include="Resources\Shader\Particle.hlsli">
      <Filter>Shader</Filter>
    </None>
  </ItemGroup>
</Project>